lockfileVersion: '6.0'

settings:
  autoInstallPeers: true
  excludeLinksFromLockfile: false

dependencies:
  '@radix-ui/react-slider':
    specifier: ^1.1.2
    version: 1.1.2(react-dom@18.2.0)(react@18.2.0)

packages:

  /@babel/runtime@7.22.6:
    resolution: {integrity: sha512-wDb5pWm4WDdF6LFUde3Jl8WzPA+3ZbxYqkC6xAXuD3irdEHN1k0NfTRrJD8ZD378SJ61miMLCqIOXYhd8x+AJQ==}
    engines: {node: '>=6.9.0'}
    dependencies:
      regenerator-runtime: 0.13.11
    dev: false

  /@radix-ui/number@1.0.1:
    resolution: {integrity: sha512-T5gIdVO2mmPW3NNhjNgEP3cqMXjXL9UbO0BzWcXfvdBs+BohbQxvd/K5hSVKmn9/lbTdsQVKbUcP5WLCwvUbBg==}
    dependencies:
      '@babel/runtime': 7.22.6
    dev: false

  /@radix-ui/primitive@1.0.1:
    resolution: {integrity: sha512-yQ8oGX2GVsEYMWGxcovu1uGWPCxV5BFfeeYxqPmuAzUyLT9qmaMXSAhXpb0WrspIeqYzdJpkh2vHModJPgRIaw==}
    dependencies:
      '@babel/runtime': 7.22.6
    dev: false

  /@radix-ui/react-collection@1.0.3(react-dom@18.2.0)(react@18.2.0):
    resolution: {integrity: sha512-3SzW+0PW7yBBoQlT8wNcGtaxaD0XSu0uLUFgrtHY08Acx05TaHaOmVLR73c0j/cqpDy53KBMO7s0dx2wmOIDIA==}
    peerDependencies:
      '@types/react': '*'
      '@types/react-dom': '*'
      react: ^16.8 || ^17.0 || ^18.0
      react-dom: ^16.8 || ^17.0 || ^18.0
    peerDependenciesMeta:
      '@types/react':
        optional: true
      '@types/react-dom':
        optional: true
    dependencies:
      '@babel/runtime': 7.22.6
      '@radix-ui/react-compose-refs': 1.0.1(react@18.2.0)
      '@radix-ui/react-context': 1.0.1(react@18.2.0)
      '@radix-ui/react-primitive': 1.0.3(react-dom@18.2.0)(react@18.2.0)
      '@radix-ui/react-slot': 1.0.2(react@18.2.0)
      react: 18.2.0
      react-dom: 18.2.0(react@18.2.0)
    dev: false

  /@radix-ui/react-compose-refs@1.0.1(react@18.2.0):
    resolution: {integrity: sha512-fDSBgd44FKHa1FRMU59qBMPFcl2PZE+2nmqunj+BWFyYYjnhIDWL2ItDs3rrbJDQOtzt5nIebLCQc4QRfz6LJw==}
    peerDependencies:
      '@types/react': '*'
      react: ^16.8 || ^17.0 || ^18.0
    peerDependenciesMeta:
      '@types/react':
        optional: true
    dependencies:
      '@babel/runtime': 7.22.6
      react: 18.2.0
    dev: false

  /@radix-ui/react-context@1.0.1(react@18.2.0):
    resolution: {integrity: sha512-ebbrdFoYTcuZ0v4wG5tedGnp9tzcV8awzsxYph7gXUyvnNLuTIcCk1q17JEbnVhXAKG9oX3KtchwiMIAYp9NLg==}
    peerDependencies:
      '@types/react': '*'
      react: ^16.8 || ^17.0 || ^18.0
    peerDependenciesMeta:
      '@types/react':
        optional: true
    dependencies:
      '@babel/runtime': 7.22.6
      react: 18.2.0
    dev: false

  /@radix-ui/react-direction@1.0.1(react@18.2.0):
    resolution: {integrity: sha512-RXcvnXgyvYvBEOhCBuddKecVkoMiI10Jcm5cTI7abJRAHYfFxeu+FBQs/DvdxSYucxR5mna0dNsL6QFlds5TMA==}
    peerDependencies:
      '@types/react': '*'
      react: ^16.8 || ^17.0 || ^18.0
    peerDependenciesMeta:
      '@types/react':
        optional: true
    dependencies:
      '@babel/runtime': 7.22.6
      react: 18.2.0
    dev: false

  /@radix-ui/react-primitive@1.0.3(react-dom@18.2.0)(react@18.2.0):
    resolution: {integrity: sha512-yi58uVyoAcK/Nq1inRY56ZSjKypBNKTa/1mcL8qdl6oJeEaDbOldlzrGn7P6Q3Id5d+SYNGc5AJgc4vGhjs5+g==}
    peerDependencies:
      '@types/react': '*'
      '@types/react-dom': '*'
      react: ^16.8 || ^17.0 || ^18.0
      react-dom: ^16.8 || ^17.0 || ^18.0
    peerDependenciesMeta:
      '@types/react':
        optional: true
      '@types/react-dom':
        optional: true
    dependencies:
      '@babel/runtime': 7.22.6
      '@radix-ui/react-slot': 1.0.2(react@18.2.0)
      react: 18.2.0
      react-dom: 18.2.0(react@18.2.0)
    dev: false

  /@radix-ui/react-slider@1.1.2(react-dom@18.2.0)(react@18.2.0):
    resolution: {integrity: sha512-NKs15MJylfzVsCagVSWKhGGLNR1W9qWs+HtgbmjjVUB3B9+lb3PYoXxVju3kOrpf0VKyVCtZp+iTwVoqpa1Chw==}
    peerDependencies:
      '@types/react': '*'
      '@types/react-dom': '*'
      react: ^16.8 || ^17.0 || ^18.0
      react-dom: ^16.8 || ^17.0 || ^18.0
    peerDependenciesMeta:
      '@types/react':
        optional: true
      '@types/react-dom':
        optional: true
    dependencies:
      '@babel/runtime': 7.22.6
      '@radix-ui/number': 1.0.1
      '@radix-ui/primitive': 1.0.1
      '@radix-ui/react-collection': 1.0.3(react-dom@18.2.0)(react@18.2.0)
      '@radix-ui/react-compose-refs': 1.0.1(react@18.2.0)
      '@radix-ui/react-context': 1.0.1(react@18.2.0)
      '@radix-ui/react-direction': 1.0.1(react@18.2.0)
      '@radix-ui/react-primitive': 1.0.3(react-dom@18.2.0)(react@18.2.0)
      '@radix-ui/react-use-controllable-state': 1.0.1(react@18.2.0)
      '@radix-ui/react-use-layout-effect': 1.0.1(react@18.2.0)
      '@radix-ui/react-use-previous': 1.0.1(react@18.2.0)
      '@radix-ui/react-use-size': 1.0.1(react@18.2.0)
      react: 18.2.0
      react-dom: 18.2.0(react@18.2.0)
    dev: false

  /@radix-ui/react-slot@1.0.2(react@18.2.0):
    resolution: {integrity: sha512-YeTpuq4deV+6DusvVUW4ivBgnkHwECUu0BiN43L5UCDFgdhsRUWAghhTF5MbvNTPzmiFOx90asDSUjWuCNapwg==}
    peerDependencies:
      '@types/react': '*'
      react: ^16.8 || ^17.0 || ^18.0
    peerDependenciesMeta:
      '@types/react':
        optional: true
    dependencies:
      '@babel/runtime': 7.22.6
      '@radix-ui/react-compose-refs': 1.0.1(react@18.2.0)
      react: 18.2.0
    dev: false

  /@radix-ui/react-use-callback-ref@1.0.1(react@18.2.0):
    resolution: {integrity: sha512-D94LjX4Sp0xJFVaoQOd3OO9k7tpBYNOXdVhkltUbGv2Qb9OXdrg/CpsjlZv7ia14Sylv398LswWBVVu5nqKzAQ==}
    peerDependencies:
      '@types/react': '*'
      react: ^16.8 || ^17.0 || ^18.0
    peerDependenciesMeta:
      '@types/react':
        optional: true
    dependencies:
      '@babel/runtime': 7.22.6
      react: 18.2.0
    dev: false

  /@radix-ui/react-use-controllable-state@1.0.1(react@18.2.0):
    resolution: {integrity: sha512-Svl5GY5FQeN758fWKrjM6Qb7asvXeiZltlT4U2gVfl8Gx5UAv2sMR0LWo8yhsIZh2oQ0eFdZ59aoOOMV7b47VA==}
    peerDependencies:
      '@types/react': '*'
      react: ^16.8 || ^17.0 || ^18.0
    peerDependenciesMeta:
      '@types/react':
        optional: true
    dependencies:
      '@babel/runtime': 7.22.6
      '@radix-ui/react-use-callback-ref': 1.0.1(react@18.2.0)
      react: 18.2.0
    dev: false

  /@radix-ui/react-use-layout-effect@1.0.1(react@18.2.0):
    resolution: {integrity: sha512-v/5RegiJWYdoCvMnITBkNNx6bCj20fiaJnWtRkU18yITptraXjffz5Qbn05uOiQnOvi+dbkznkoaMltz1GnszQ==}
    peerDependencies:
      '@types/react': '*'
      react: ^16.8 || ^17.0 || ^18.0
    peerDependenciesMeta:
      '@types/react':
        optional: true
    dependencies:
      '@babel/runtime': 7.22.6
      react: 18.2.0
    dev: false

  /@radix-ui/react-use-previous@1.0.1(react@18.2.0):
    resolution: {integrity: sha512-cV5La9DPwiQ7S0gf/0qiD6YgNqM5Fk97Kdrlc5yBcrF3jyEZQwm7vYFqMo4IfeHgJXsRaMvLABFtd0OVEmZhDw==}
    peerDependencies:
      '@types/react': '*'
      react: ^16.8 || ^17.0 || ^18.0
    peerDependenciesMeta:
      '@types/react':
        optional: true
    dependencies:
      '@babel/runtime': 7.22.6
      react: 18.2.0
    dev: false

  /@radix-ui/react-use-size@1.0.1(react@18.2.0):
    resolution: {integrity: sha512-ibay+VqrgcaI6veAojjofPATwledXiSmX+C0KrBk/xgpX9rBzPV3OsfwlhQdUOFbh+LKQorLYT+xTXW9V8yd0g==}
    peerDependencies:
      '@types/react': '*'
      react: ^16.8 || ^17.0 || ^18.0
    peerDependenciesMeta:
      '@types/react':
        optional: true
    dependencies:
      '@babel/runtime': 7.22.6
      '@radix-ui/react-use-layout-effect': 1.0.1(react@18.2.0)
      react: 18.2.0
    dev: false

  /js-tokens@4.0.0:
    resolution: {integrity: sha512-RdJUflcE3cUzKiMqQgsCu06FPu9UdIJO0beYbPhHN4k6apgJtifcoCtT9bcxOpYBtpD2kCM6Sbzg4CausW/PKQ==}
    dev: false

  /loose-envify@1.4.0:
    resolution: {integrity: sha512-lyuxPGr/Wfhrlem2CL/UcnUc1zcqKAImBDzukY7Y5F/yQiNdko6+fRLevlw1HgMySw7f611UIY408EtxRSoK3Q==}
    hasBin: true
    dependencies:
      js-tokens: 4.0.0
    dev: false

  /react-dom@18.2.0(react@18.2.0):
    resolution: {integrity: sha512-6IMTriUmvsjHUjNtEDudZfuDQUoWXVxKHhlEGSk81n4YFS+r/Kl99wXiwlVXtPBtJenozv2P+hxDsw9eA7Xo6g==}
    peerDependencies:
      react: ^18.2.0
    dependencies:
      loose-envify: 1.4.0
      react: 18.2.0
      scheduler: 0.23.0
    dev: false

  /react@18.2.0:
    resolution: {integrity: sha512-/3IjMdb2L9QbBdWiW5e3P2/npwMBaU9mHCSCUzNln0ZCYbcfTsGbTJrU/kGemdH2IWmB2ioZ+zkxtmq6g09fGQ==}
    engines: {node: '>=0.10.0'}
    dependencies:
      loose-envify: 1.4.0
    dev: false

  /regenerator-runtime@0.13.11:
    resolution: {integrity: sha512-kY1AZVr2Ra+t+piVaJ4gxaFaReZVH40AKNo7UCX6W+dEwBo/2oZJzqfuN1qLq1oL45o56cPaTXELwrTh8Fpggg==}
    dev: false

  /scheduler@0.23.0:
    resolution: {integrity: sha512-CtuThmgHNg7zIZWAXi3AsyIzA3n4xx7aNyjwC2VJldO2LMVDhFK+63xGqq6CsJH4rTAt6/M+N4GhZiDYPx9eUw==}
    dependencies:
      loose-envify: 1.4.0
    dev: false
